#MicroXplorer Configuration settings - do not modify
CAD.formats=
CAD.pinconfig=
CAD.provider=
File.Version=6
GPIO.groupedBy=Group By Peripherals
KeepUserPlacement=false
LCD.Divider=LCD_DIVIDER_17
LCD.IPParameters=Divider,VoltageSource,PulseOnDuration
LCD.PulseOnDuration=LCD_PULSEONDURATION_6
LCD.VoltageSource=LCD_VOLTAGESOURCE_EXTERNAL
Mcu.CPN=STM32L053R6T6
Mcu.Family=STM32L0
Mcu.IP0=LCD
Mcu.IP1=NVIC
Mcu.IP2=RCC
Mcu.IP3=SYS
Mcu.IP4=TIM2
Mcu.IP5=TIM21
Mcu.IP6=TIM22
Mcu.IPNb=7
Mcu.Name=STM32L053R(6-8)Tx
Mcu.Package=LQFP64
Mcu.Pin0=PC14-OSC32_IN
Mcu.Pin1=PC15-OSC32_OUT
Mcu.Pin10=PC4
Mcu.Pin11=PC5
Mcu.Pin12=PB0
Mcu.Pin13=PB1
Mcu.Pin14=PB10
Mcu.Pin15=PB11
Mcu.Pin16=PB13
Mcu.Pin17=PB14
Mcu.Pin18=PB15
Mcu.Pin19=PC6
Mcu.Pin2=PC0
Mcu.Pin20=PC7
Mcu.Pin21=PC8
Mcu.Pin22=PC9
Mcu.Pin23=PA8
Mcu.Pin24=PA9
Mcu.Pin25=PA10
Mcu.Pin26=PA11
Mcu.Pin27=PA13
Mcu.Pin28=PA14
Mcu.Pin29=PA15
Mcu.Pin3=PA1
Mcu.Pin30=PC10
Mcu.Pin31=PC11
Mcu.Pin32=PC12
Mcu.Pin33=PD2
Mcu.Pin34=PB3
Mcu.Pin35=PB4
Mcu.Pin36=PB5
Mcu.Pin37=PB8
Mcu.Pin38=PB9
Mcu.Pin39=VP_TIM2_VS_ClockSourceINT
Mcu.Pin4=PA2
Mcu.Pin40=VP_TIM21_VS_ClockSourceINT
Mcu.Pin41=VP_TIM22_VS_ClockSourceINT
Mcu.Pin5=PA3
Mcu.Pin6=PA4
Mcu.Pin7=PA5
Mcu.Pin8=PA6
Mcu.Pin9=PA7
Mcu.PinsNb=42
Mcu.ThirdPartyNb=0
Mcu.UserConstants=
Mcu.UserName=STM32L053R6Tx
MxCube.Version=6.9.0
MxDb.Version=DB.6.0.90
NVIC.EXTI4_15_IRQn=true\:0\:0\:false\:false\:true\:true\:true\:true
NVIC.ForceEnableDMAVector=true
NVIC.HardFault_IRQn=true\:0\:0\:false\:false\:true\:false\:false\:false
NVIC.NonMaskableInt_IRQn=true\:0\:0\:false\:false\:true\:false\:false\:false
NVIC.PendSV_IRQn=true\:0\:0\:false\:false\:true\:false\:false\:false
NVIC.SVC_IRQn=true\:0\:0\:false\:false\:true\:false\:false\:true
NVIC.SysTick_IRQn=true\:3\:0\:false\:false\:true\:false\:true\:false
NVIC.TIM21_IRQn=true\:0\:0\:false\:false\:true\:true\:true\:true
NVIC.TIM22_IRQn=true\:0\:0\:false\:false\:true\:true\:true\:true
NVIC.TIM2_IRQn=true\:0\:0\:false\:false\:true\:true\:true\:true
PA1.Locked=true
PA1.Mode=SEG0
PA1.Signal=LCD_SEG0
PA10.GPIOParameters=GPIO_PuPd
PA10.GPIO_PuPd=GPIO_PULLDOWN
PA10.Locked=true
PA10.Signal=GPIO_Output
PA11.GPIOParameters=GPIO_PuPd
PA11.GPIO_PuPd=GPIO_PULLDOWN
PA11.Locked=true
PA11.Signal=GPIO_Output
PA13.Locked=true
PA13.Mode=Serial_Wire
PA13.Signal=SYS_SWDIO
PA14.Locked=true
PA14.Mode=Serial_Wire
PA14.Signal=SYS_SWCLK
PA15.Locked=true
PA15.Mode=SEG17
PA15.Signal=LCD_SEG17
PA2.Locked=true
PA2.Mode=SEG1
PA2.Signal=LCD_SEG1
PA3.Locked=true
PA3.Mode=SEG2
PA3.Signal=LCD_SEG2
PA4.GPIOParameters=GPIO_ModeDefaultEXTI
PA4.GPIO_ModeDefaultEXTI=GPIO_MODE_IT_FALLING
PA4.Locked=true
PA4.Signal=GPXTI4
PA5.GPIOParameters=GPIO_ModeDefaultEXTI
PA5.GPIO_ModeDefaultEXTI=GPIO_MODE_IT_FALLING
PA5.Locked=true
PA5.Signal=GPXTI5
PA6.Locked=true
PA6.Mode=SEG3
PA6.Signal=LCD_SEG3
PA7.Locked=true
PA7.Mode=SEG4
PA7.Signal=LCD_SEG4
PA8.Locked=true
PA8.Mode=Static
PA8.Signal=LCD_COM0
PA9.GPIOParameters=GPIO_PuPd
PA9.GPIO_PuPd=GPIO_PULLDOWN
PA9.Locked=true
PA9.Signal=GPIO_Output
PB0.Locked=true
PB0.Mode=SEG5
PB0.Signal=LCD_SEG5
PB1.Locked=true
PB1.Mode=SEG6
PB1.Signal=LCD_SEG6
PB10.Locked=true
PB10.Mode=SEG10
PB10.Signal=LCD_SEG10
PB11.Locked=true
PB11.Mode=SEG11
PB11.Signal=LCD_SEG11
PB13.Locked=true
PB13.Mode=SEG13
PB13.Signal=LCD_SEG13
PB14.Locked=true
PB14.Mode=SEG14
PB14.Signal=LCD_SEG14
PB15.Locked=true
PB15.Mode=SEG15
PB15.Signal=LCD_SEG15
PB3.Locked=true
PB3.Mode=SEG7
PB3.Signal=LCD_SEG7
PB4.Locked=true
PB4.Mode=SEG8
PB4.Signal=LCD_SEG8
PB5.Locked=true
PB5.Mode=SEG9
PB5.Signal=LCD_SEG9
PB8.Locked=true
PB8.Mode=SEG16
PB8.Signal=LCD_SEG16
PB9.GPIOParameters=GPIO_PuPd
PB9.GPIO_PuPd=GPIO_PULLDOWN
PB9.Locked=true
PB9.Signal=GPIO_Output
PC0.GPIOParameters=GPIO_PuPd
PC0.GPIO_PuPd=GPIO_PULLDOWN
PC0.Locked=true
PC0.Signal=GPIO_Output
PC10.GPIOParameters=GPIO_PuPd
PC10.GPIO_PuPd=GPIO_PULLDOWN
PC10.Locked=true
PC10.Signal=GPIO_Output
PC11.GPIOParameters=GPIO_PuPd
PC11.GPIO_PuPd=GPIO_PULLDOWN
PC11.Locked=true
PC11.Signal=GPIO_Output
PC12.GPIOParameters=GPIO_PuPd
PC12.GPIO_PuPd=GPIO_PULLDOWN
PC12.Locked=true
PC12.Signal=GPIO_Output
PC14-OSC32_IN.Locked=true
PC14-OSC32_IN.Mode=LSE-External-Oscillator
PC14-OSC32_IN.Signal=RCC_OSC32_IN
PC15-OSC32_OUT.Locked=true
PC15-OSC32_OUT.Mode=LSE-External-Oscillator
PC15-OSC32_OUT.Signal=RCC_OSC32_OUT
PC4.Locked=true
PC4.Mode=SEG22
PC4.Signal=LCD_SEG22
PC5.Locked=true
PC5.Mode=SEG23
PC5.Signal=LCD_SEG23
PC6.Locked=true
PC6.Mode=SEG24
PC6.Signal=LCD_SEG24
PC7.Locked=true
PC7.Mode=SEG25
PC7.Signal=LCD_SEG25
PC8.Locked=true
PC8.Mode=SEG26
PC8.Signal=LCD_SEG26
PC9.Locked=true
PC9.Mode=SEG27
PC9.Signal=LCD_SEG27
PD2.GPIOParameters=GPIO_PuPd
PD2.GPIO_PuPd=GPIO_PULLDOWN
PD2.Locked=true
PD2.Signal=GPIO_Output
PinOutPanel.RotationAngle=0
ProjectManager.AskForMigrate=true
ProjectManager.BackupPrevious=false
ProjectManager.CompilerOptimize=6
ProjectManager.ComputerToolchain=false
ProjectManager.CoupleFile=false
ProjectManager.CustomerFirmwarePackage=
ProjectManager.DefaultFWLocation=true
ProjectManager.DeletePrevious=true
ProjectManager.DeviceId=STM32L053R6Tx
ProjectManager.FirmwarePackage=STM32Cube FW_L0 V1.12.2
ProjectManager.FreePins=false
ProjectManager.HalAssertFull=false
ProjectManager.HeapSize=0x200
ProjectManager.KeepUserCode=true
ProjectManager.LastFirmware=true
ProjectManager.LibraryCopy=1
ProjectManager.MainLocation=Core/Src
ProjectManager.NoMain=false
ProjectManager.PreviousToolchain=
ProjectManager.ProjectBuild=false
ProjectManager.ProjectFileName=diplomski.ioc
ProjectManager.ProjectName=diplomski
ProjectManager.ProjectStructure=
ProjectManager.RegisterCallBack=
ProjectManager.StackSize=0x400
ProjectManager.TargetToolchain=STM32CubeIDE
ProjectManager.ToolChainLocation=
ProjectManager.UAScriptAfterPath=
ProjectManager.UAScriptBeforePath=
ProjectManager.UnderRoot=true
ProjectManager.functionlistsort=1-SystemClock_Config-RCC-false-HAL-false,2-MX_GPIO_Init-GPIO-false-HAL-true,3-MX_TIM21_Init-TIM21-false-HAL-true,4-MX_LCD_Init-LCD-false-HAL-true,5-MX_TIM2_Init-TIM2-false-HAL-true,6-MX_TIM22_Init-TIM22-false-HAL-true
RCC.48CLKFreq_Value=24000000
RCC.AHBFreq_Value=2097000
RCC.APB1Freq_Value=2097000
RCC.APB1TimFreq_Value=2097000
RCC.APB2Freq_Value=2097000
RCC.APB2TimFreq_Value=2097000
RCC.FamilyName=M
RCC.HSE_VALUE=8000000
RCC.HSI16_VALUE=16000000
RCC.HSI48_VALUE=48000000
RCC.HSI_VALUE=16000000
RCC.I2C1Freq_Value=2097000
RCC.IPParameters=48CLKFreq_Value,AHBFreq_Value,APB1Freq_Value,APB1TimFreq_Value,APB2Freq_Value,APB2TimFreq_Value,FamilyName,HSE_VALUE,HSI16_VALUE,HSI48_VALUE,HSI_VALUE,I2C1Freq_Value,LCDFreq_Value,LPTIMFreq_Value,LPUARTFreq_Value,LSI_VALUE,MSI_VALUE,PLLCLKFreq_Value,RTCFreq_Value,RTCHSEDivFreq_Value,SYSCLKFreq_VALUE,TIMFreq_Value,USART1Freq_Value,USART2Freq_Value,VCOOutputFreq_Value,WatchDogFreq_Value
RCC.LCDFreq_Value=37000
RCC.LPTIMFreq_Value=2097000
RCC.LPUARTFreq_Value=2097000
RCC.LSI_VALUE=37000
RCC.MSI_VALUE=2097000
RCC.PLLCLKFreq_Value=24000000
RCC.RTCFreq_Value=37000
RCC.RTCHSEDivFreq_Value=4000000
RCC.SYSCLKFreq_VALUE=2097000
RCC.TIMFreq_Value=2097000
RCC.USART1Freq_Value=2097000
RCC.USART2Freq_Value=2097000
RCC.VCOOutputFreq_Value=48000000
RCC.WatchDogFreq_Value=37000
SH.GPXTI4.0=GPIO_EXTI4
SH.GPXTI4.ConfNb=1
SH.GPXTI5.0=GPIO_EXTI5
SH.GPXTI5.ConfNb=1
TIM2.IPParameters=Prescaler,Period
TIM2.Period=200
TIM2.Prescaler=20970-1
TIM21.IPParameters=Prescaler,Period
TIM21.Period=100
TIM21.Prescaler=10-1
TIM22.IPParameters=Prescaler
TIM22.Prescaler=64-1
VP_TIM21_VS_ClockSourceINT.Mode=Internal
VP_TIM21_VS_ClockSourceINT.Signal=TIM21_VS_ClockSourceINT
VP_TIM22_VS_ClockSourceINT.Mode=Internal
VP_TIM22_VS_ClockSourceINT.Signal=TIM22_VS_ClockSourceINT
VP_TIM2_VS_ClockSourceINT.Mode=Internal
VP_TIM2_VS_ClockSourceINT.Signal=TIM2_VS_ClockSourceINT
board=custom
isbadioc=false
